
Microsoft Visual Studio Solution File, Format Version 12.00
# Visual Studio 2012
Project("{2150E333-8FDC-42A3-9474-1A3956D46DE8}") = ".nuget", ".nuget", "{D77BD655-A290-46F2-A845-E702CD4418D6}"
	ProjectSection(SolutionItems) = preProject
		.nuget\NuGet.Config = .nuget\NuGet.Config
		.nuget\NuGet.exe = .nuget\NuGet.exe
		.nuget\NuGet.targets = .nuget\NuGet.targets
	EndProjectSection
EndProject
Project("{FAE04EC0-301F-11D3-BF4B-00C04F79EFBC}") = "TestRazorTemplates", "TestRazorTemplates\TestRazorTemplates.csproj", "{BBCDE83F-F76E-454A-9D36-F4C9D43653B1}"
EndProject
Project("{FAE04EC0-301F-11D3-BF4B-00C04F79EFBC}") = "NonHttpRunTimeRazorSupport", "NonHttpRunTimeRazorSupport\NonHttpRunTimeRazorSupport.csproj", "{9B5ACFA0-999C-491B-868E-974ED2109C56}"
EndProject
Project("{FAE04EC0-301F-11D3-BF4B-00C04F79EFBC}") = "NonHttpRunTimeRazorSupport.Tests", "NonHttpRunTimeRazorSupport.Tests\NonHttpRunTimeRazorSupport.Tests.csproj", "{8520E4D1-ACD7-46EC-A5E4-B71BBA64B452}"
EndProject
Project("{FAE04EC0-301F-11D3-BF4B-00C04F79EFBC}") = "EmailDemo", "EmailDemo\EmailDemo.csproj", "{F36991AD-22EC-4445-980A-14A7EF8579DE}"
EndProject
Project("{FAE04EC0-301F-11D3-BF4B-00C04F79EFBC}") = "EmailDemoTemplates", "EmailDemoTemplates\EmailDemoTemplates.csproj", "{62941D42-997C-45F5-9858-E8C810B5F33A}"
EndProject
Global
	GlobalSection(SolutionConfigurationPlatforms) = preSolution
		Debug|Any CPU = Debug|Any CPU
		Release|Any CPU = Release|Any CPU
	EndGlobalSection
	GlobalSection(ProjectConfigurationPlatforms) = postSolution
		{BBCDE83F-F76E-454A-9D36-F4C9D43653B1}.Debug|Any CPU.ActiveCfg = Debug|Any CPU
		{BBCDE83F-F76E-454A-9D36-F4C9D43653B1}.Debug|Any CPU.Build.0 = Debug|Any CPU
		{BBCDE83F-F76E-454A-9D36-F4C9D43653B1}.Release|Any CPU.ActiveCfg = Release|Any CPU
		{BBCDE83F-F76E-454A-9D36-F4C9D43653B1}.Release|Any CPU.Build.0 = Release|Any CPU
		{9B5ACFA0-999C-491B-868E-974ED2109C56}.Debug|Any CPU.ActiveCfg = Debug|Any CPU
		{9B5ACFA0-999C-491B-868E-974ED2109C56}.Debug|Any CPU.Build.0 = Debug|Any CPU
		{9B5ACFA0-999C-491B-868E-974ED2109C56}.Release|Any CPU.ActiveCfg = Release|Any CPU
		{9B5ACFA0-999C-491B-868E-974ED2109C56}.Release|Any CPU.Build.0 = Release|Any CPU
		{8520E4D1-ACD7-46EC-A5E4-B71BBA64B452}.Debug|Any CPU.ActiveCfg = Debug|Any CPU
		{8520E4D1-ACD7-46EC-A5E4-B71BBA64B452}.Debug|Any CPU.Build.0 = Debug|Any CPU
		{8520E4D1-ACD7-46EC-A5E4-B71BBA64B452}.Release|Any CPU.ActiveCfg = Release|Any CPU
		{8520E4D1-ACD7-46EC-A5E4-B71BBA64B452}.Release|Any CPU.Build.0 = Release|Any CPU
		{F36991AD-22EC-4445-980A-14A7EF8579DE}.Debug|Any CPU.ActiveCfg = Debug|Any CPU
		{F36991AD-22EC-4445-980A-14A7EF8579DE}.Debug|Any CPU.Build.0 = Debug|Any CPU
		{F36991AD-22EC-4445-980A-14A7EF8579DE}.Release|Any CPU.ActiveCfg = Release|Any CPU
		{F36991AD-22EC-4445-980A-14A7EF8579DE}.Release|Any CPU.Build.0 = Release|Any CPU
		{62941D42-997C-45F5-9858-E8C810B5F33A}.Debug|Any CPU.ActiveCfg = Debug|Any CPU
		{62941D42-997C-45F5-9858-E8C810B5F33A}.Debug|Any CPU.Build.0 = Debug|Any CPU
		{62941D42-997C-45F5-9858-E8C810B5F33A}.Release|Any CPU.ActiveCfg = Release|Any CPU
		{62941D42-997C-45F5-9858-E8C810B5F33A}.Release|Any CPU.Build.0 = Release|Any CPU
	EndGlobalSection
	GlobalSection(SolutionProperties) = preSolution
		HideSolutionNode = FALSE
	EndGlobalSection
EndGlobal
